
Microsoft Visual Studio Solution File, Format Version 12.00
# Visual Studio Version 17
VisualStudioVersion = 17.1.32210.238
MinimumVisualStudioVersion = 10.0.40219.1
Project("{FAE04EC0-301F-11D3-BF4B-00C04F79EFBC}") = "PlataformaCurso.Test", "PlataformaCurso.Test\PlataformaCurso.Test.csproj", "{BF44E3CE-84E6-4435-A098-C34DD4ABF865}"
EndProject
Project("{FAE04EC0-301F-11D3-BF4B-00C04F79EFBC}") = "PlataformaCurso.Domain", "PlataformaCurso.Domain\PlataformaCurso.Domain.csproj", "{0218162C-6F54-4DFB-8EE9-61B57890FE49}"
EndProject
Global
	GlobalSection(SolutionConfigurationPlatforms) = preSolution
		Debug|Any CPU = Debug|Any CPU
		Release|Any CPU = Release|Any CPU
	EndGlobalSection
	GlobalSection(ProjectConfigurationPlatforms) = postSolution
		{BF44E3CE-84E6-4435-A098-C34DD4ABF865}.Debug|Any CPU.ActiveCfg = Debug|Any CPU
		{BF44E3CE-84E6-4435-A098-C34DD4ABF865}.Debug|Any CPU.Build.0 = Debug|Any CPU
		{BF44E3CE-84E6-4435-A098-C34DD4ABF865}.Release|Any CPU.ActiveCfg = Release|Any CPU
		{BF44E3CE-84E6-4435-A098-C34DD4ABF865}.Release|Any CPU.Build.0 = Release|Any CPU
		{0218162C-6F54-4DFB-8EE9-61B57890FE49}.Debug|Any CPU.ActiveCfg = Debug|Any CPU
		{0218162C-6F54-4DFB-8EE9-61B57890FE49}.Debug|Any CPU.Build.0 = Debug|Any CPU
		{0218162C-6F54-4DFB-8EE9-61B57890FE49}.Release|Any CPU.ActiveCfg = Release|Any CPU
		{0218162C-6F54-4DFB-8EE9-61B57890FE49}.Release|Any CPU.Build.0 = Release|Any CPU
	EndGlobalSection
	GlobalSection(SolutionProperties) = preSolution
		HideSolutionNode = FALSE
	EndGlobalSection
	GlobalSection(ExtensibilityGlobals) = postSolution
		SolutionGuid = {ADD6D58D-F6F7-4266-BF36-3522EA50883E}
	EndGlobalSection
EndGlobal
